
Microsoft Visual Studio Solution File, Format Version 12.00
# Visual Studio Version 16
VisualStudioVersion = 16.0.30717.126
MinimumVisualStudioVersion = 10.0.40219.1
Project("{2150E333-8FDC-42A3-9474-1A3956D46DE8}") = "Api", "Api", "{AF6BB0AD-6F99-437C-A4EB-EA5765E7968D}"
EndProject
Project("{9A19103F-16F7-4668-BE54-9A1E7A4F7556}") = "CustomerApi", "CustomerApi\CustomerApi.csproj", "{7B497970-18C7-4F40-B384-871D39423B28}"
EndProject
Project("{9A19103F-16F7-4668-BE54-9A1E7A4F7556}") = "CustomerApi.Data", "CustomerApi.Data\CustomerApi.Data.csproj", "{4DAE776B-02C8-4E6A-94F1-EAD85C31F271}"
EndProject
Project("{9A19103F-16F7-4668-BE54-9A1E7A4F7556}") = "CustomerApi.Domain", "CustomerApi.Domain\CustomerApi.Domain.csproj", "{9598E83C-418A-40E5-BDAA-359222441601}"
EndProject
Project("{9A19103F-16F7-4668-BE54-9A1E7A4F7556}") = "CustomerApi.Service", "CustomerApi.Service\CustomerApi.Service.csproj", "{247D22BB-0A00-4D8F-AD7B-27DC5522E4CF}"
EndProject
Project("{9A19103F-16F7-4668-BE54-9A1E7A4F7556}") = "CustomerApi.Messaging.Send", "CustomerApi.Messaging.Send\CustomerApi.Messaging.Send.csproj", "{D7896DA5-D47D-40F2-BFDD-C6B31B0B6A33}"
EndProject
Project("{FAE04EC0-301F-11D3-BF4B-00C04F79EFBC}") = "OrderApi", "OrderApi\OrderApi.csproj", "{DA07553B-9844-465E-AB64-477702A6218B}"
EndProject
Project("{FAE04EC0-301F-11D3-BF4B-00C04F79EFBC}") = "OrderApi.Data", "OrderApi.Data\OrderApi.Data.csproj", "{43A6BD11-654E-4B01-804E-2183E62BD608}"
EndProject
Project("{FAE04EC0-301F-11D3-BF4B-00C04F79EFBC}") = "OrderApi.Domain", "OrderApi.Domain\OrderApi.Domain.csproj", "{4383A0AB-D8C0-4546-9C37-3E7A82E520D9}"
EndProject
Project("{FAE04EC0-301F-11D3-BF4B-00C04F79EFBC}") = "OrderApi.Service", "OrderApi.Service\OrderApi.Service.csproj", "{21F902DE-7484-4048-957D-94FCB511D6A0}"
EndProject
Project("{FAE04EC0-301F-11D3-BF4B-00C04F79EFBC}") = "OrderApi.Messaging.Receive", "OrderApi.Messaging.Receive\OrderApi.Messaging.Receive.csproj", "{63B60888-DE2D-47CA-9448-056279461B95}"
EndProject
Global
	GlobalSection(SolutionConfigurationPlatforms) = preSolution
		Debug|Any CPU = Debug|Any CPU
		Release|Any CPU = Release|Any CPU
	EndGlobalSection
	GlobalSection(ProjectConfigurationPlatforms) = postSolution
		{7B497970-18C7-4F40-B384-871D39423B28}.Debug|Any CPU.ActiveCfg = Debug|Any CPU
		{7B497970-18C7-4F40-B384-871D39423B28}.Debug|Any CPU.Build.0 = Debug|Any CPU
		{7B497970-18C7-4F40-B384-871D39423B28}.Release|Any CPU.ActiveCfg = Release|Any CPU
		{7B497970-18C7-4F40-B384-871D39423B28}.Release|Any CPU.Build.0 = Release|Any CPU
		{4DAE776B-02C8-4E6A-94F1-EAD85C31F271}.Debug|Any CPU.ActiveCfg = Debug|Any CPU
		{4DAE776B-02C8-4E6A-94F1-EAD85C31F271}.Debug|Any CPU.Build.0 = Debug|Any CPU
		{4DAE776B-02C8-4E6A-94F1-EAD85C31F271}.Release|Any CPU.ActiveCfg = Release|Any CPU
		{4DAE776B-02C8-4E6A-94F1-EAD85C31F271}.Release|Any CPU.Build.0 = Release|Any CPU
		{9598E83C-418A-40E5-BDAA-359222441601}.Debug|Any CPU.ActiveCfg = Debug|Any CPU
		{9598E83C-418A-40E5-BDAA-359222441601}.Debug|Any CPU.Build.0 = Debug|Any CPU
		{9598E83C-418A-40E5-BDAA-359222441601}.Release|Any CPU.ActiveCfg = Release|Any CPU
		{9598E83C-418A-40E5-BDAA-359222441601}.Release|Any CPU.Build.0 = Release|Any CPU
		{247D22BB-0A00-4D8F-AD7B-27DC5522E4CF}.Debug|Any CPU.ActiveCfg = Debug|Any CPU
		{247D22BB-0A00-4D8F-AD7B-27DC5522E4CF}.Debug|Any CPU.Build.0 = Debug|Any CPU
		{247D22BB-0A00-4D8F-AD7B-27DC5522E4CF}.Release|Any CPU.ActiveCfg = Release|Any CPU
		{247D22BB-0A00-4D8F-AD7B-27DC5522E4CF}.Release|Any CPU.Build.0 = Release|Any CPU
		{D7896DA5-D47D-40F2-BFDD-C6B31B0B6A33}.Debug|Any CPU.ActiveCfg = Debug|Any CPU
		{D7896DA5-D47D-40F2-BFDD-C6B31B0B6A33}.Debug|Any CPU.Build.0 = Debug|Any CPU
		{D7896DA5-D47D-40F2-BFDD-C6B31B0B6A33}.Release|Any CPU.ActiveCfg = Release|Any CPU
		{D7896DA5-D47D-40F2-BFDD-C6B31B0B6A33}.Release|Any CPU.Build.0 = Release|Any CPU
		{DA07553B-9844-465E-AB64-477702A6218B}.Debug|Any CPU.ActiveCfg = Debug|Any CPU
		{DA07553B-9844-465E-AB64-477702A6218B}.Debug|Any CPU.Build.0 = Debug|Any CPU
		{DA07553B-9844-465E-AB64-477702A6218B}.Release|Any CPU.ActiveCfg = Release|Any CPU
		{DA07553B-9844-465E-AB64-477702A6218B}.Release|Any CPU.Build.0 = Release|Any CPU
		{43A6BD11-654E-4B01-804E-2183E62BD608}.Debug|Any CPU.ActiveCfg = Debug|Any CPU
		{43A6BD11-654E-4B01-804E-2183E62BD608}.Debug|Any CPU.Build.0 = Debug|Any CPU
		{43A6BD11-654E-4B01-804E-2183E62BD608}.Release|Any CPU.ActiveCfg = Release|Any CPU
		{43A6BD11-654E-4B01-804E-2183E62BD608}.Release|Any CPU.Build.0 = Release|Any CPU
		{4383A0AB-D8C0-4546-9C37-3E7A82E520D9}.Debug|Any CPU.ActiveCfg = Debug|Any CPU
		{4383A0AB-D8C0-4546-9C37-3E7A82E520D9}.Debug|Any CPU.Build.0 = Debug|Any CPU
		{4383A0AB-D8C0-4546-9C37-3E7A82E520D9}.Release|Any CPU.ActiveCfg = Release|Any CPU
		{4383A0AB-D8C0-4546-9C37-3E7A82E520D9}.Release|Any CPU.Build.0 = Release|Any CPU
		{21F902DE-7484-4048-957D-94FCB511D6A0}.Debug|Any CPU.ActiveCfg = Debug|Any CPU
		{21F902DE-7484-4048-957D-94FCB511D6A0}.Debug|Any CPU.Build.0 = Debug|Any CPU
		{21F902DE-7484-4048-957D-94FCB511D6A0}.Release|Any CPU.ActiveCfg = Release|Any CPU
		{21F902DE-7484-4048-957D-94FCB511D6A0}.Release|Any CPU.Build.0 = Release|Any CPU
		{63B60888-DE2D-47CA-9448-056279461B95}.Debug|Any CPU.ActiveCfg = Debug|Any CPU
		{63B60888-DE2D-47CA-9448-056279461B95}.Debug|Any CPU.Build.0 = Debug|Any CPU
		{63B60888-DE2D-47CA-9448-056279461B95}.Release|Any CPU.ActiveCfg = Release|Any CPU
		{63B60888-DE2D-47CA-9448-056279461B95}.Release|Any CPU.Build.0 = Release|Any CPU
	EndGlobalSection
	GlobalSection(SolutionProperties) = preSolution
		HideSolutionNode = FALSE
	EndGlobalSection
	GlobalSection(NestedProjects) = preSolution
		{7B497970-18C7-4F40-B384-871D39423B28} = {AF6BB0AD-6F99-437C-A4EB-EA5765E7968D}
		{4DAE776B-02C8-4E6A-94F1-EAD85C31F271} = {AF6BB0AD-6F99-437C-A4EB-EA5765E7968D}
		{9598E83C-418A-40E5-BDAA-359222441601} = {AF6BB0AD-6F99-437C-A4EB-EA5765E7968D}
		{247D22BB-0A00-4D8F-AD7B-27DC5522E4CF} = {AF6BB0AD-6F99-437C-A4EB-EA5765E7968D}
		{D7896DA5-D47D-40F2-BFDD-C6B31B0B6A33} = {AF6BB0AD-6F99-437C-A4EB-EA5765E7968D}
		{DA07553B-9844-465E-AB64-477702A6218B} = {AF6BB0AD-6F99-437C-A4EB-EA5765E7968D}
		{43A6BD11-654E-4B01-804E-2183E62BD608} = {AF6BB0AD-6F99-437C-A4EB-EA5765E7968D}
		{4383A0AB-D8C0-4546-9C37-3E7A82E520D9} = {AF6BB0AD-6F99-437C-A4EB-EA5765E7968D}
		{21F902DE-7484-4048-957D-94FCB511D6A0} = {AF6BB0AD-6F99-437C-A4EB-EA5765E7968D}
		{63B60888-DE2D-47CA-9448-056279461B95} = {AF6BB0AD-6F99-437C-A4EB-EA5765E7968D}
	EndGlobalSection
	GlobalSection(ExtensibilityGlobals) = postSolution
		SolutionGuid = {20F8FF7C-0F6E-4DBC-B30C-68CA3AB3DF84}
	EndGlobalSection
EndGlobal
